
Microsoft Visual Studio Solution File, Format Version 12.00
# Visual Studio Version 17
VisualStudioVersion = 17.9.34728.123
MinimumVisualStudioVersion = 10.0.40219.1
Project("{FAE04EC0-301F-11D3-BF4B-00C04F79EFBC}") = "Socket_Server", "Socket_server\Socket_Server.csproj", "{7F596329-9E31-4A2B-89BA-5CC1EB047A31}"
EndProject
Project("{9A19103F-16F7-4668-BE54-9A1E7A4F7556}") = "Socket_client", "Socket_client\Socket_client.csproj", "{EC629581-0142-4FAC-9A84-84E0C7EB671B}"
EndProject
Global
	GlobalSection(SolutionConfigurationPlatforms) = preSolution
		Debug|Any CPU = Debug|Any CPU
		Release|Any CPU = Release|Any CPU
	EndGlobalSection
	GlobalSection(ProjectConfigurationPlatforms) = postSolution
		{7F596329-9E31-4A2B-89BA-5CC1EB047A31}.Debug|Any CPU.ActiveCfg = Debug|Any CPU
		{7F596329-9E31-4A2B-89BA-5CC1EB047A31}.Debug|Any CPU.Build.0 = Debug|Any CPU
		{7F596329-9E31-4A2B-89BA-5CC1EB047A31}.Release|Any CPU.ActiveCfg = Release|Any CPU
		{7F596329-9E31-4A2B-89BA-5CC1EB047A31}.Release|Any CPU.Build.0 = Release|Any CPU
		{EC629581-0142-4FAC-9A84-84E0C7EB671B}.Debug|Any CPU.ActiveCfg = Debug|Any CPU
		{EC629581-0142-4FAC-9A84-84E0C7EB671B}.Debug|Any CPU.Build.0 = Debug|Any CPU
		{EC629581-0142-4FAC-9A84-84E0C7EB671B}.Release|Any CPU.ActiveCfg = Release|Any CPU
		{EC629581-0142-4FAC-9A84-84E0C7EB671B}.Release|Any CPU.Build.0 = Release|Any CPU
	EndGlobalSection
	GlobalSection(SolutionProperties) = preSolution
		HideSolutionNode = FALSE
	EndGlobalSection
	GlobalSection(ExtensibilityGlobals) = postSolution
		SolutionGuid = {60270744-7E30-42FB-BE04-668D056F7250}
	EndGlobalSection
EndGlobal
