
Microsoft Visual Studio Solution File, Format Version 12.00
# Visual Studio Version 17
VisualStudioVersion = 17.9.34728.123
MinimumVisualStudioVersion = 10.0.40219.1
Project("{FAE04EC0-301F-11D3-BF4B-00C04F79EFBC}") = "Socket_client", "Socket_client.csproj", "{B35C6FF7-594C-4A9B-974E-6EE483AA225D}"
EndProject
Global
	GlobalSection(SolutionConfigurationPlatforms) = preSolution
		Debug|Any CPU = Debug|Any CPU
		Release|Any CPU = Release|Any CPU
	EndGlobalSection
	GlobalSection(ProjectConfigurationPlatforms) = postSolution
		{B35C6FF7-594C-4A9B-974E-6EE483AA225D}.Debug|Any CPU.ActiveCfg = Debug|Any CPU
		{B35C6FF7-594C-4A9B-974E-6EE483AA225D}.Debug|Any CPU.Build.0 = Debug|Any CPU
		{B35C6FF7-594C-4A9B-974E-6EE483AA225D}.Release|Any CPU.ActiveCfg = Release|Any CPU
		{B35C6FF7-594C-4A9B-974E-6EE483AA225D}.Release|Any CPU.Build.0 = Release|Any CPU
	EndGlobalSection
	GlobalSection(SolutionProperties) = preSolution
		HideSolutionNode = FALSE
	EndGlobalSection
	GlobalSection(ExtensibilityGlobals) = postSolution
		SolutionGuid = {E93D3398-B46F-4C75-82E0-CA4A35226927}
	EndGlobalSection
EndGlobal
